
Microsoft Visual Studio Solution File, Format Version 12.00
# Visual Studio Version 17
VisualStudioVersion = 17.7.34221.43
MinimumVisualStudioVersion = 10.0.40219.1
Project("{9A19103F-16F7-4668-BE54-9A1E7A4F7556}") = "Control", "Control.csproj", "{1674B22E-8046-454B-9B0D-4A51A29ADE27}"
EndProject
Global
	GlobalSection(SolutionConfigurationPlatforms) = preSolution
		Debug|Any CPU = Debug|Any CPU
		Release|Any CPU = Release|Any CPU
	EndGlobalSection
	GlobalSection(ProjectConfigurationPlatforms) = postSolution
		{1674B22E-8046-454B-9B0D-4A51A29ADE27}.Debug|Any CPU.ActiveCfg = Debug|Any CPU
		{1674B22E-8046-454B-9B0D-4A51A29ADE27}.Debug|Any CPU.Build.0 = Debug|Any CPU
		{1674B22E-8046-454B-9B0D-4A51A29ADE27}.Release|Any CPU.ActiveCfg = Release|Any CPU
		{1674B22E-8046-454B-9B0D-4A51A29ADE27}.Release|Any CPU.Build.0 = Release|Any CPU
	EndGlobalSection
	GlobalSection(SolutionProperties) = preSolution
		HideSolutionNode = FALSE
	EndGlobalSection
	GlobalSection(ExtensibilityGlobals) = postSolution
		SolutionGuid = {CB23B00E-EF13-4FC2-8013-E2565A047C58}
	EndGlobalSection
EndGlobal
